
Microsoft Visual Studio Solution File, Format Version 12.00
# Visual Studio Version 16
VisualStudioVersion = 16.0.31410.357
MinimumVisualStudioVersion = 10.0.40219.1
Project("{FAE04EC0-301F-11D3-BF4B-00C04F79EFBC}") = "Database_7", "Database_7\Database_7.csproj", "{805689E9-06DD-4A7B-AA79-0CA01E268925}"
EndProject
Global
	GlobalSection(SolutionConfigurationPlatforms) = preSolution
		Debug|Any CPU = Debug|Any CPU
		Release|Any CPU = Release|Any CPU
	EndGlobalSection
	GlobalSection(ProjectConfigurationPlatforms) = postSolution
		{805689E9-06DD-4A7B-AA79-0CA01E268925}.Debug|Any CPU.ActiveCfg = Debug|Any CPU
		{805689E9-06DD-4A7B-AA79-0CA01E268925}.Debug|Any CPU.Build.0 = Debug|Any CPU
		{805689E9-06DD-4A7B-AA79-0CA01E268925}.Release|Any CPU.ActiveCfg = Release|Any CPU
		{805689E9-06DD-4A7B-AA79-0CA01E268925}.Release|Any CPU.Build.0 = Release|Any CPU
	EndGlobalSection
	GlobalSection(SolutionProperties) = preSolution
		HideSolutionNode = FALSE
	EndGlobalSection
	GlobalSection(ExtensibilityGlobals) = postSolution
		SolutionGuid = {F047218C-501B-44D8-B15F-305DFCA4E42E}
	EndGlobalSection
EndGlobal
